
Microsoft Visual Studio Solution File, Format Version 12.00
# Visual Studio Version 16
VisualStudioVersion = 25.0.1705.7
MinimumVisualStudioVersion = 10.0.40219.1
Project("{FAE04EC0-301F-11D3-BF4B-00C04F79EFBC}") = "MovieListApp", "MovieListApp\MovieListApp.csproj", "{162F2D11-3580-478C-8780-DB194E6D3193}"
EndProject
Global
	GlobalSection(SolutionConfigurationPlatforms) = preSolution
		Debug|Any CPU = Debug|Any CPU
		Release|Any CPU = Release|Any CPU
	EndGlobalSection
	GlobalSection(ProjectConfigurationPlatforms) = postSolution
		{162F2D11-3580-478C-8780-DB194E6D3193}.Debug|Any CPU.ActiveCfg = Debug|Any CPU
		{162F2D11-3580-478C-8780-DB194E6D3193}.Debug|Any CPU.Build.0 = Debug|Any CPU
		{162F2D11-3580-478C-8780-DB194E6D3193}.Release|Any CPU.ActiveCfg = Release|Any CPU
		{162F2D11-3580-478C-8780-DB194E6D3193}.Release|Any CPU.Build.0 = Release|Any CPU
	EndGlobalSection
	GlobalSection(SolutionProperties) = preSolution
		HideSolutionNode = FALSE
	EndGlobalSection
	GlobalSection(ExtensibilityGlobals) = postSolution
		SolutionGuid = {01CB4DD4-122C-4448-8DEE-ECA716E91CC0}
	EndGlobalSection
EndGlobal
